{
  "originHash" : "48b3721caf47d50cc3dc57b2e19b4cfe3035eace072244f89027f337c50eac06",
  "pins" : [
    {
      "identity" : "swiftuicodeeditorview",
      "kind" : "remoteSourceControl",
      "location" : "https://github.com/XMaster-Denis/SwiftUICodeEditorView.git",
      "state" : {
        "branch" : "main",
        "revision" : "c7cbf0f464d25e10db665569e4d4143e4c95a0f0"
      }
    }
  ],
  "version" : 3
}
