{
  "originHash" : "48b3721caf47d50cc3dc57b2e19b4cfe3035eace072244f89027f337c50eac06",
  "pins" : [
    {
      "identity" : "swiftuicodeeditorview",
      "kind" : "remoteSourceControl",
      "location" : "https://github.com/XMaster-Denis/SwiftUICodeEditorView.git",
      "state" : {
        "branch" : "main",
        "revision" : "bc0dedf0b3721187e9a01ce01e5a9c9719c5e287"
      }
    }
  ],
  "version" : 3
}
